# THIS IS AN AUTOGENERATED FILE. DO NOT EDIT THIS FILE DIRECTLY.
# yarn lockfile v1


bowser@1.9.4:
  version "1.9.4"
  resolved "https://registry.yarnpkg.com/bowser/-/bowser-1.9.4.tgz#890c58a2813a9d3243704334fa81b96a5c150c9a"
  integrity sha512-9IdMmj2KjigRq6oWhmwv1W36pDuA4STQZ8q6YO9um+x07xgYNCD3Oou+WP/3L1HNz7iqythGet3/p4wvc8AAwQ==

hark@^1.2.3:
  version "1.2.3"
  resolved "https://registry.yarnpkg.com/hark/-/hark-1.2.3.tgz#959981400f561be5580ecd4321a9f55b16bacbd0"
  integrity sha512-u68vz9SCa38ESiFJSDjqK8XbXqWzyot7Cj6Y2b6jk2NJ+II3MY2dIrLMg/kjtIAun4Y1DHF/20hfx4rq1G5GMg==
  dependencies:
    wildemitter "^1.2.0"

wildemitter@^1.2.0:
  version "1.2.0"
  resolved "https://registry.yarnpkg.com/wildemitter/-/wildemitter-1.2.0.tgz#29dd3a72d699c3e279dd021c3cd2150b82c9a211"
  integrity sha1-Kd06ctaZw+J53QIcPNIVC4LJohE=

wolfy87-eventemitter@^5.2.6:
  version "5.2.6"
  resolved "https://registry.yarnpkg.com/wolfy87-eventemitter/-/wolfy87-eventemitter-5.2.6.tgz#cc5de965d34099e5c14ec189ee72553802d3ace2"
  integrity sha512-n+bSucT1j9ZEoosxnfuH81bWqtZG4QEtZ9WEuiXz9YQAHEktGYKoSoMTKWTJEcYux8lWoqp1KqHPBpwvJKFFTw==
